{
  "name": "bcrypto",
  "version": "5.5.2",
  "lockfileVersion": 3,
  "requires": true,
  "packages": {
    "": {
      "name": "bcrypto",
      "version": "5.5.2",
      "hasInstallScript": true,
      "license": "MIT",
      "dependencies": {
        "bufio": "~1.2.3",
        "loady": "~0.0.5"
      },
      "devDependencies": {
        "bmocha": "^2.2.1",
        "bsert": "~0.0.13",
        "bslint-extra": "~0.0.2"
      },
      "engines": {
        "node": ">=8.0.0"
      }
    },
    "node_modules/bmocha": {
      "version": "2.2.1",
      "resolved": "https://registry.npmjs.org/bmocha/-/bmocha-2.2.1.tgz",
      "integrity": "sha512-gzyrUTo5ZnPHk2I45E2iO9z4HAVYIfGepJQ4DaXU1pSi4lI2dsPadAdnKSj3cJjnzX3yDxQdGyrc3HNH5bUEfw==",
      "dev": true,
      "license": "MIT",
      "bin": {
        "_bmocha": "bin/_bmocha",
        "bmocha": "bin/bmocha"
      },
      "engines": {
        "node": ">=8.0.0"
      }
    },
    "node_modules/bsert": {
      "version": "0.0.13",
      "resolved": "https://registry.npmjs.org/bsert/-/bsert-0.0.13.tgz",
      "integrity": "sha512-gYzSj8I2lDTKvl4aRSYs2CZIpeJugq7RjGhLRG+Jl//gEW5B2u1MKB6exVCL09FqYj6JRQAAgRwQHMOWvr7A8A==",
      "dev": true,
      "license": "MIT",
      "engines": {
        "node": ">=8.0.0"
      }
    },
    "node_modules/bslint-extra": {
      "version": "0.0.2",
      "resolved": "https://registry.npmjs.org/bslint-extra/-/bslint-extra-0.0.2.tgz",
      "integrity": "sha512-MBl/+F3I/nilWbSSD5t4EJatCscjOGn3hIuFqYXQm0hApTUw9DSI4ZxbxpLxv7VR6wQ0NtvGg+96ca0grnQEXA==",
      "dev": true,
      "license": "MIT",
      "engines": {
        "node": ">=8.0.0"
      }
    },
    "node_modules/bufio": {
      "version": "1.2.3",
      "resolved": "https://registry.npmjs.org/bufio/-/bufio-1.2.3.tgz",
      "integrity": "sha512-5Tt66bRzYUSlVZatc0E92uDenreJ+DpTBmSAUwL4VSxJn3e6cUyYwx+PoqML0GRZatgA/VX8ybhxItF8InZgqA==",
      "license": "MIT",
      "engines": {
        "node": ">=8.0.0"
      }
    },
    "node_modules/loady": {
      "version": "0.0.5",
      "resolved": "https://registry.npmjs.org/loady/-/loady-0.0.5.tgz",
      "integrity": "sha512-uxKD2HIj042/HBx77NBcmEPsD+hxCgAtjEWlYNScuUjIsh/62Uyu39GOR68TBR68v+jqDL9zfftCWoUo4y03sQ==",
      "engines": {
        "node": ">=8.0.0"
      }
    }
  }
}
